
Microsoft Visual Studio Solution File, Format Version 12.00
# Visual Studio 2013
VisualStudioVersion = 12.0.40629.0
MinimumVisualStudioVersion = 10.0.40219.1
Project("{FAE04EC0-301F-11D3-BF4B-00C04F79EFBC}") = "02FloatOrDouble", "02FloatOrDouble\02FloatOrDouble.csproj", "{05C4DEBD-FF8C-4B6A-8F79-AFE1FE610FC6}"
EndProject
Project("{FAE04EC0-301F-11D3-BF4B-00C04F79EFBC}") = "03VariableInHexadecimalFormat", "03VariableInHexadecimalFormat\03VariableInHexadecimalFormat.csproj", "{7F8FEE39-1528-444F-BC75-69FA8255B874}"
EndProject
Project("{FAE04EC0-301F-11D3-BF4B-00C04F79EFBC}") = "04UnicodeCharacter", "04UnicodeCharacter\04UnicodeCharacter.csproj", "{BE78267A-ACCD-4290-B745-B269C32D56E9}"
EndProject
Project("{FAE04EC0-301F-11D3-BF4B-00C04F79EFBC}") = "05BooleanVariable", "05BooleanVariable\05BooleanVariable.csproj", "{04D18737-7144-44E8-98CD-951B87EB11C5}"
EndProject
Project("{FAE04EC0-301F-11D3-BF4B-00C04F79EFBC}") = "06StringsAndObjects", "06StringsAndObjects\06StringsAndObjects.csproj", "{BC5F388C-13C4-4F54-83B4-69C51FFC12E1}"
EndProject
Project("{FAE04EC0-301F-11D3-BF4B-00C04F79EFBC}") = "07QuotesAndStrings", "07QuotesAndStrings\07QuotesAndStrings.csproj", "{F02C1F5F-7F11-4C75-A8CF-D4AEA44494F5}"
EndProject
Project("{FAE04EC0-301F-11D3-BF4B-00C04F79EFBC}") = "08IsoscelesTriangle", "08IsoscelesTriangle\08IsoscelesTriangle.csproj", "{3672016B-BFD3-4011-927F-0B8AF953071E}"
EndProject
Project("{FAE04EC0-301F-11D3-BF4B-00C04F79EFBC}") = "09Exchange Variable Values", "09Exchange Variable Values\09Exchange Variable Values.csproj", "{6DCF87C0-9051-4E70-B26C-D2E659F74151}"
EndProject
Project("{FAE04EC0-301F-11D3-BF4B-00C04F79EFBC}") = "10Employee Data", "10Employee Data\10Employee Data.csproj", "{62587DF0-BFF8-463B-86F6-C2C5A5CA25B6}"
EndProject
Project("{FAE04EC0-301F-11D3-BF4B-00C04F79EFBC}") = "11BankAccountData", "11BankAccountData\11BankAccountData.csproj", "{C7C3425E-2F41-49B0-8973-B5713E4B8D95}"
EndProject
Project("{FAE04EC0-301F-11D3-BF4B-00C04F79EFBC}") = "12NullValuesArithmetic", "12NullValuesArithmetic\12NullValuesArithmetic.csproj", "{408C40DE-1355-4E9C-A910-0727FD29F509}"
EndProject
Project("{FAE04EC0-301F-11D3-BF4B-00C04F79EFBC}") = "13ComparingFloats", "13ComparingFloats\13ComparingFloats.csproj", "{8457B30C-309B-4644-B4DF-C46A9AB644E8}"
EndProject
Project("{FAE04EC0-301F-11D3-BF4B-00C04F79EFBC}") = "14PrintTheASCIITable", "14PrintTheASCIITable\14PrintTheASCIITable.csproj", "{B7E47F1B-E100-4959-9F59-0BD22BEF8BCD}"
EndProject
Project("{FAE04EC0-301F-11D3-BF4B-00C04F79EFBC}") = "01Declare Variables", "01Declare Variables\01Declare Variables.csproj", "{6916F421-AA00-42BC-A649-749B6D1F1A88}"
EndProject
Global
	GlobalSection(SolutionConfigurationPlatforms) = preSolution
		Debug|Any CPU = Debug|Any CPU
		Release|Any CPU = Release|Any CPU
	EndGlobalSection
	GlobalSection(ProjectConfigurationPlatforms) = postSolution
		{05C4DEBD-FF8C-4B6A-8F79-AFE1FE610FC6}.Debug|Any CPU.ActiveCfg = Debug|Any CPU
		{05C4DEBD-FF8C-4B6A-8F79-AFE1FE610FC6}.Debug|Any CPU.Build.0 = Debug|Any CPU
		{05C4DEBD-FF8C-4B6A-8F79-AFE1FE610FC6}.Release|Any CPU.ActiveCfg = Release|Any CPU
		{05C4DEBD-FF8C-4B6A-8F79-AFE1FE610FC6}.Release|Any CPU.Build.0 = Release|Any CPU
		{7F8FEE39-1528-444F-BC75-69FA8255B874}.Debug|Any CPU.ActiveCfg = Debug|Any CPU
		{7F8FEE39-1528-444F-BC75-69FA8255B874}.Debug|Any CPU.Build.0 = Debug|Any CPU
		{7F8FEE39-1528-444F-BC75-69FA8255B874}.Release|Any CPU.ActiveCfg = Release|Any CPU
		{7F8FEE39-1528-444F-BC75-69FA8255B874}.Release|Any CPU.Build.0 = Release|Any CPU
		{BE78267A-ACCD-4290-B745-B269C32D56E9}.Debug|Any CPU.ActiveCfg = Debug|Any CPU
		{BE78267A-ACCD-4290-B745-B269C32D56E9}.Debug|Any CPU.Build.0 = Debug|Any CPU
		{BE78267A-ACCD-4290-B745-B269C32D56E9}.Release|Any CPU.ActiveCfg = Release|Any CPU
		{BE78267A-ACCD-4290-B745-B269C32D56E9}.Release|Any CPU.Build.0 = Release|Any CPU
		{04D18737-7144-44E8-98CD-951B87EB11C5}.Debug|Any CPU.ActiveCfg = Debug|Any CPU
		{04D18737-7144-44E8-98CD-951B87EB11C5}.Debug|Any CPU.Build.0 = Debug|Any CPU
		{04D18737-7144-44E8-98CD-951B87EB11C5}.Release|Any CPU.ActiveCfg = Release|Any CPU
		{04D18737-7144-44E8-98CD-951B87EB11C5}.Release|Any CPU.Build.0 = Release|Any CPU
		{BC5F388C-13C4-4F54-83B4-69C51FFC12E1}.Debug|Any CPU.ActiveCfg = Debug|Any CPU
		{BC5F388C-13C4-4F54-83B4-69C51FFC12E1}.Debug|Any CPU.Build.0 = Debug|Any CPU
		{BC5F388C-13C4-4F54-83B4-69C51FFC12E1}.Release|Any CPU.ActiveCfg = Release|Any CPU
		{BC5F388C-13C4-4F54-83B4-69C51FFC12E1}.Release|Any CPU.Build.0 = Release|Any CPU
		{F02C1F5F-7F11-4C75-A8CF-D4AEA44494F5}.Debug|Any CPU.ActiveCfg = Debug|Any CPU
		{F02C1F5F-7F11-4C75-A8CF-D4AEA44494F5}.Debug|Any CPU.Build.0 = Debug|Any CPU
		{F02C1F5F-7F11-4C75-A8CF-D4AEA44494F5}.Release|Any CPU.ActiveCfg = Release|Any CPU
		{F02C1F5F-7F11-4C75-A8CF-D4AEA44494F5}.Release|Any CPU.Build.0 = Release|Any CPU
		{3672016B-BFD3-4011-927F-0B8AF953071E}.Debug|Any CPU.ActiveCfg = Debug|Any CPU
		{3672016B-BFD3-4011-927F-0B8AF953071E}.Debug|Any CPU.Build.0 = Debug|Any CPU
		{3672016B-BFD3-4011-927F-0B8AF953071E}.Release|Any CPU.ActiveCfg = Release|Any CPU
		{3672016B-BFD3-4011-927F-0B8AF953071E}.Release|Any CPU.Build.0 = Release|Any CPU
		{6DCF87C0-9051-4E70-B26C-D2E659F74151}.Debug|Any CPU.ActiveCfg = Debug|Any CPU
		{6DCF87C0-9051-4E70-B26C-D2E659F74151}.Debug|Any CPU.Build.0 = Debug|Any CPU
		{6DCF87C0-9051-4E70-B26C-D2E659F74151}.Release|Any CPU.ActiveCfg = Release|Any CPU
		{6DCF87C0-9051-4E70-B26C-D2E659F74151}.Release|Any CPU.Build.0 = Release|Any CPU
		{62587DF0-BFF8-463B-86F6-C2C5A5CA25B6}.Debug|Any CPU.ActiveCfg = Debug|Any CPU
		{62587DF0-BFF8-463B-86F6-C2C5A5CA25B6}.Debug|Any CPU.Build.0 = Debug|Any CPU
		{62587DF0-BFF8-463B-86F6-C2C5A5CA25B6}.Release|Any CPU.ActiveCfg = Release|Any CPU
		{62587DF0-BFF8-463B-86F6-C2C5A5CA25B6}.Release|Any CPU.Build.0 = Release|Any CPU
		{C7C3425E-2F41-49B0-8973-B5713E4B8D95}.Debug|Any CPU.ActiveCfg = Debug|Any CPU
		{C7C3425E-2F41-49B0-8973-B5713E4B8D95}.Debug|Any CPU.Build.0 = Debug|Any CPU
		{C7C3425E-2F41-49B0-8973-B5713E4B8D95}.Release|Any CPU.ActiveCfg = Release|Any CPU
		{C7C3425E-2F41-49B0-8973-B5713E4B8D95}.Release|Any CPU.Build.0 = Release|Any CPU
		{408C40DE-1355-4E9C-A910-0727FD29F509}.Debug|Any CPU.ActiveCfg = Debug|Any CPU
		{408C40DE-1355-4E9C-A910-0727FD29F509}.Debug|Any CPU.Build.0 = Debug|Any CPU
		{408C40DE-1355-4E9C-A910-0727FD29F509}.Release|Any CPU.ActiveCfg = Release|Any CPU
		{408C40DE-1355-4E9C-A910-0727FD29F509}.Release|Any CPU.Build.0 = Release|Any CPU
		{8457B30C-309B-4644-B4DF-C46A9AB644E8}.Debug|Any CPU.ActiveCfg = Debug|Any CPU
		{8457B30C-309B-4644-B4DF-C46A9AB644E8}.Debug|Any CPU.Build.0 = Debug|Any CPU
		{8457B30C-309B-4644-B4DF-C46A9AB644E8}.Release|Any CPU.ActiveCfg = Release|Any CPU
		{8457B30C-309B-4644-B4DF-C46A9AB644E8}.Release|Any CPU.Build.0 = Release|Any CPU
		{B7E47F1B-E100-4959-9F59-0BD22BEF8BCD}.Debug|Any CPU.ActiveCfg = Debug|Any CPU
		{B7E47F1B-E100-4959-9F59-0BD22BEF8BCD}.Debug|Any CPU.Build.0 = Debug|Any CPU
		{B7E47F1B-E100-4959-9F59-0BD22BEF8BCD}.Release|Any CPU.ActiveCfg = Release|Any CPU
		{B7E47F1B-E100-4959-9F59-0BD22BEF8BCD}.Release|Any CPU.Build.0 = Release|Any CPU
		{6916F421-AA00-42BC-A649-749B6D1F1A88}.Debug|Any CPU.ActiveCfg = Debug|Any CPU
		{6916F421-AA00-42BC-A649-749B6D1F1A88}.Debug|Any CPU.Build.0 = Debug|Any CPU
		{6916F421-AA00-42BC-A649-749B6D1F1A88}.Release|Any CPU.ActiveCfg = Release|Any CPU
		{6916F421-AA00-42BC-A649-749B6D1F1A88}.Release|Any CPU.Build.0 = Release|Any CPU
	EndGlobalSection
	GlobalSection(SolutionProperties) = preSolution
		HideSolutionNode = FALSE
	EndGlobalSection
EndGlobal
